
Microsoft Visual Studio Solution File, Format Version 11.00
# Visual Studio 2010
Project("{FAE04EC0-301F-11D3-BF4B-00C04F79EFBC}") = "MBlogModel", "MBlogModel\MBlogModel.csproj", "{9D26D30F-3E4E-43B9-A93B-6E51AB34AC44}"
EndProject
Project("{FAE04EC0-301F-11D3-BF4B-00C04F79EFBC}") = "MBlogUnitTest", "MBlogUnitTest\MBlogUnitTest.csproj", "{E7007D52-7D85-4C45-A632-EDD22B3323F4}"
EndProject
Project("{FAE04EC0-301F-11D3-BF4B-00C04F79EFBC}") = "MBlog", "MBlog\MBlog.csproj", "{DAFFCFE0-9AE5-4FA3-AFBF-BA43FC16BCAC}"
EndProject
Project("{FAE04EC0-301F-11D3-BF4B-00C04F79EFBC}") = "MBlogRepository", "MBlogRepository\MBlogRepository.csproj", "{555BF169-88EA-4EF1-B532-D152AF974680}"
EndProject
Project("{FAE04EC0-301F-11D3-BF4B-00C04F79EFBC}") = "Repository", "Repository\Repository.csproj", "{6B41D66F-0003-45EC-9692-023F9FCA62E8}"
EndProject
Project("{FAE04EC0-301F-11D3-BF4B-00C04F79EFBC}") = "MBlogIntegrationTest", "MBlogIntegrationTest\MBlogIntegrationTest.csproj", "{E40CBEB2-C300-45DD-AC20-0E70E8CF68DD}"
EndProject
Project("{2150E333-8FDC-42A3-9474-1A3956D46DE8}") = "Deploy", "Deploy", "{66B9AA14-9D36-4828-BEE1-75FDA431C118}"
	ProjectSection(SolutionItems) = preProject
		Deploy\psake.ps1 = Deploy\psake.ps1
		Deploy\psake.psm1 = Deploy\psake.psm1
		Deploy\teamcity.ps1 = Deploy\teamcity.ps1
	EndProjectSection
EndProject
Project("{FAE04EC0-301F-11D3-BF4B-00C04F79EFBC}") = "Logging", "Logging\Logging.csproj", "{BF734CD4-7587-422F-BAE9-626051F1A382}"
EndProject
Project("{FAE04EC0-301F-11D3-BF4B-00C04F79EFBC}") = "MBlogLogService", "MBlogLogService\MBlogLogService.csproj", "{BCB33239-3B8F-4E53-A891-D18BECEBE7D1}"
EndProject
Global
	GlobalSection(SolutionConfigurationPlatforms) = preSolution
		Debug|Any CPU = Debug|Any CPU
		Release|Any CPU = Release|Any CPU
		Staging|Any CPU = Staging|Any CPU
	EndGlobalSection
	GlobalSection(ProjectConfigurationPlatforms) = postSolution
		{9D26D30F-3E4E-43B9-A93B-6E51AB34AC44}.Debug|Any CPU.ActiveCfg = Debug|Any CPU
		{9D26D30F-3E4E-43B9-A93B-6E51AB34AC44}.Debug|Any CPU.Build.0 = Debug|Any CPU
		{9D26D30F-3E4E-43B9-A93B-6E51AB34AC44}.Release|Any CPU.ActiveCfg = Release|Any CPU
		{9D26D30F-3E4E-43B9-A93B-6E51AB34AC44}.Release|Any CPU.Build.0 = Release|Any CPU
		{9D26D30F-3E4E-43B9-A93B-6E51AB34AC44}.Staging|Any CPU.ActiveCfg = Staging|Any CPU
		{9D26D30F-3E4E-43B9-A93B-6E51AB34AC44}.Staging|Any CPU.Build.0 = Staging|Any CPU
		{E7007D52-7D85-4C45-A632-EDD22B3323F4}.Debug|Any CPU.ActiveCfg = Debug|Any CPU
		{E7007D52-7D85-4C45-A632-EDD22B3323F4}.Debug|Any CPU.Build.0 = Debug|Any CPU
		{E7007D52-7D85-4C45-A632-EDD22B3323F4}.Release|Any CPU.ActiveCfg = Release|Any CPU
		{E7007D52-7D85-4C45-A632-EDD22B3323F4}.Release|Any CPU.Build.0 = Release|Any CPU
		{E7007D52-7D85-4C45-A632-EDD22B3323F4}.Staging|Any CPU.ActiveCfg = Release|Any CPU
		{E7007D52-7D85-4C45-A632-EDD22B3323F4}.Staging|Any CPU.Build.0 = Release|Any CPU
		{DAFFCFE0-9AE5-4FA3-AFBF-BA43FC16BCAC}.Debug|Any CPU.ActiveCfg = Debug|Any CPU
		{DAFFCFE0-9AE5-4FA3-AFBF-BA43FC16BCAC}.Debug|Any CPU.Build.0 = Debug|Any CPU
		{DAFFCFE0-9AE5-4FA3-AFBF-BA43FC16BCAC}.Release|Any CPU.ActiveCfg = Release|Any CPU
		{DAFFCFE0-9AE5-4FA3-AFBF-BA43FC16BCAC}.Release|Any CPU.Build.0 = Release|Any CPU
		{DAFFCFE0-9AE5-4FA3-AFBF-BA43FC16BCAC}.Staging|Any CPU.ActiveCfg = Staging|Any CPU
		{DAFFCFE0-9AE5-4FA3-AFBF-BA43FC16BCAC}.Staging|Any CPU.Build.0 = Staging|Any CPU
		{555BF169-88EA-4EF1-B532-D152AF974680}.Debug|Any CPU.ActiveCfg = Debug|Any CPU
		{555BF169-88EA-4EF1-B532-D152AF974680}.Debug|Any CPU.Build.0 = Debug|Any CPU
		{555BF169-88EA-4EF1-B532-D152AF974680}.Release|Any CPU.ActiveCfg = Release|Any CPU
		{555BF169-88EA-4EF1-B532-D152AF974680}.Release|Any CPU.Build.0 = Release|Any CPU
		{555BF169-88EA-4EF1-B532-D152AF974680}.Staging|Any CPU.ActiveCfg = Staging|Any CPU
		{555BF169-88EA-4EF1-B532-D152AF974680}.Staging|Any CPU.Build.0 = Staging|Any CPU
		{6B41D66F-0003-45EC-9692-023F9FCA62E8}.Debug|Any CPU.ActiveCfg = Debug|Any CPU
		{6B41D66F-0003-45EC-9692-023F9FCA62E8}.Debug|Any CPU.Build.0 = Debug|Any CPU
		{6B41D66F-0003-45EC-9692-023F9FCA62E8}.Release|Any CPU.ActiveCfg = Release|Any CPU
		{6B41D66F-0003-45EC-9692-023F9FCA62E8}.Release|Any CPU.Build.0 = Release|Any CPU
		{6B41D66F-0003-45EC-9692-023F9FCA62E8}.Staging|Any CPU.ActiveCfg = Staging|Any CPU
		{6B41D66F-0003-45EC-9692-023F9FCA62E8}.Staging|Any CPU.Build.0 = Staging|Any CPU
		{E40CBEB2-C300-45DD-AC20-0E70E8CF68DD}.Debug|Any CPU.ActiveCfg = Debug|Any CPU
		{E40CBEB2-C300-45DD-AC20-0E70E8CF68DD}.Debug|Any CPU.Build.0 = Debug|Any CPU
		{E40CBEB2-C300-45DD-AC20-0E70E8CF68DD}.Release|Any CPU.ActiveCfg = Release|Any CPU
		{E40CBEB2-C300-45DD-AC20-0E70E8CF68DD}.Release|Any CPU.Build.0 = Release|Any CPU
		{E40CBEB2-C300-45DD-AC20-0E70E8CF68DD}.Staging|Any CPU.ActiveCfg = Release|Any CPU
		{E40CBEB2-C300-45DD-AC20-0E70E8CF68DD}.Staging|Any CPU.Build.0 = Release|Any CPU
		{BF734CD4-7587-422F-BAE9-626051F1A382}.Debug|Any CPU.ActiveCfg = Debug|Any CPU
		{BF734CD4-7587-422F-BAE9-626051F1A382}.Debug|Any CPU.Build.0 = Debug|Any CPU
		{BF734CD4-7587-422F-BAE9-626051F1A382}.Release|Any CPU.ActiveCfg = Release|Any CPU
		{BF734CD4-7587-422F-BAE9-626051F1A382}.Release|Any CPU.Build.0 = Release|Any CPU
		{BF734CD4-7587-422F-BAE9-626051F1A382}.Staging|Any CPU.ActiveCfg = Release|Any CPU
		{BF734CD4-7587-422F-BAE9-626051F1A382}.Staging|Any CPU.Build.0 = Release|Any CPU
		{BCB33239-3B8F-4E53-A891-D18BECEBE7D1}.Debug|Any CPU.ActiveCfg = Debug|Any CPU
		{BCB33239-3B8F-4E53-A891-D18BECEBE7D1}.Debug|Any CPU.Build.0 = Debug|Any CPU
		{BCB33239-3B8F-4E53-A891-D18BECEBE7D1}.Release|Any CPU.ActiveCfg = Release|Any CPU
		{BCB33239-3B8F-4E53-A891-D18BECEBE7D1}.Release|Any CPU.Build.0 = Release|Any CPU
		{BCB33239-3B8F-4E53-A891-D18BECEBE7D1}.Staging|Any CPU.ActiveCfg = Release|Any CPU
		{BCB33239-3B8F-4E53-A891-D18BECEBE7D1}.Staging|Any CPU.Build.0 = Release|Any CPU
	EndGlobalSection
	GlobalSection(SolutionProperties) = preSolution
		HideSolutionNode = FALSE
	EndGlobalSection
	GlobalSection(ExtensibilityGlobals) = postSolution
		EnterpriseLibraryConfigurationToolBinariesPath = packages\Unity.2.1.505.0\lib\NET35
	EndGlobalSection
EndGlobal
