
Microsoft Visual Studio Solution File, Format Version 12.00
# Visual Studio 11
Project("{2150E333-8FDC-42A3-9474-1A3956D46DE8}") = "Deploy", "Deploy", "{66B9AA14-9D36-4828-BEE1-75FDA431C118}"
	ProjectSection(SolutionItems) = preProject
		Deploy\default.ps1 = Deploy\default.ps1
		Deploy\deploy.ps1 = Deploy\deploy.ps1
		Deploy\psake.ps1 = Deploy\psake.ps1
		Deploy\psake.psm1 = Deploy\psake.psm1
		Deploy\release.ps1 = Deploy\release.ps1
		Deploy\teamcity.ps1 = Deploy\teamcity.ps1
	EndProjectSection
EndProject
Project("{2150E333-8FDC-42A3-9474-1A3956D46DE8}") = "EventLog", "EventLog", "{8C35E417-1BB6-4074-A874-C064C840F640}"
	ProjectSection(SolutionItems) = preProject
		EventLog\CreateEventLogSource.ps1 = EventLog\CreateEventLogSource.ps1
	EndProjectSection
EndProject
Project("{FAE04EC0-301F-11D3-BF4B-00C04F79EFBC}") = "MBlogModel", "MBlogModel\MBlogModel.csproj", "{9D26D30F-3E4E-43B9-A93B-6E51AB34AC44}"
EndProject
Project("{FAE04EC0-301F-11D3-BF4B-00C04F79EFBC}") = "MBlogUnitTest", "MBlogUnitTest\MBlogUnitTest.csproj", "{E7007D52-7D85-4C45-A632-EDD22B3323F4}"
EndProject
Project("{FAE04EC0-301F-11D3-BF4B-00C04F79EFBC}") = "MBlogRepository", "MBlogRepository\MBlogRepository.csproj", "{555BF169-88EA-4EF1-B532-D152AF974680}"
EndProject
Project("{FAE04EC0-301F-11D3-BF4B-00C04F79EFBC}") = "Repository", "Repository\Repository.csproj", "{6B41D66F-0003-45EC-9692-023F9FCA62E8}"
EndProject
Project("{FAE04EC0-301F-11D3-BF4B-00C04F79EFBC}") = "MBlogIntegrationTest", "MBlogIntegrationTest\MBlogIntegrationTest.csproj", "{E40CBEB2-C300-45DD-AC20-0E70E8CF68DD}"
EndProject
Project("{FAE04EC0-301F-11D3-BF4B-00C04F79EFBC}") = "MBlogNlogService", "MBlogNlogService\MBlogNlogService.csproj", "{BCB33239-3B8F-4E53-A891-D18BECEBE7D1}"
EndProject
Project("{FAE04EC0-301F-11D3-BF4B-00C04F79EFBC}") = "Logging", "Logging\Logging.csproj", "{BF734CD4-7587-422F-BAE9-626051F1A382}"
EndProject
Project("{FAE04EC0-301F-11D3-BF4B-00C04F79EFBC}") = "MBlogSpecs", "MBlogSpecs\MBlogSpecs.csproj", "{3364110A-5B6C-45AA-9BD7-00929FCEC2BA}"
EndProject
Project("{FAE04EC0-301F-11D3-BF4B-00C04F79EFBC}") = "CollectionHelpers", "CollectionHelpers\CollectionHelpers.csproj", "{04D32333-E1C7-4A2F-9F0E-D672BD0EE8BB}"
EndProject
Project("{FAE04EC0-301F-11D3-BF4B-00C04F79EFBC}") = "MBlogBuilder", "MBlogBuilder\MBlogBuilder.csproj", "{7EAB4CD7-118C-443C-9DD2-FA8D806E15C3}"
EndProject
Project("{FAE04EC0-301F-11D3-BF4B-00C04F79EFBC}") = "MBlogDomain", "MBlogDomain\MBlogDomain.csproj", "{6EEE1ECE-69AC-4F6D-8EDE-6536B721AA97}"
EndProject
Project("{FAE04EC0-301F-11D3-BF4B-00C04F79EFBC}") = "MBlogDomainInterfaces", "MBlogDomainInterfaces\MBlogDomainInterfaces.csproj", "{35F6ACAF-F2EC-4FC5-974C-BDE9C3FE38D4}"
EndProject
Project("{FAE04EC0-301F-11D3-BF4B-00C04F79EFBC}") = "IoC", "IoC\IoC.csproj", "{1B074CE2-5C46-4846-819B-22EB6BD8E04A}"
EndProject
Project("{FAE04EC0-301F-11D3-BF4B-00C04F79EFBC}") = "MBlog", "MBlog\MBlog.csproj", "{CE90FF9C-A013-406E-B3D7-06C34C4AC9D9}"
EndProject
Global
	GlobalSection(SolutionConfigurationPlatforms) = preSolution
		Debug|Any CPU = Debug|Any CPU
		Release|Any CPU = Release|Any CPU
		Staging|Any CPU = Staging|Any CPU
		Test|Any CPU = Test|Any CPU
	EndGlobalSection
	GlobalSection(ProjectConfigurationPlatforms) = postSolution
		{04D32333-E1C7-4A2F-9F0E-D672BD0EE8BB}.Debug|Any CPU.ActiveCfg = Debug|Any CPU
		{04D32333-E1C7-4A2F-9F0E-D672BD0EE8BB}.Debug|Any CPU.Build.0 = Debug|Any CPU
		{04D32333-E1C7-4A2F-9F0E-D672BD0EE8BB}.Release|Any CPU.ActiveCfg = Release|Any CPU
		{04D32333-E1C7-4A2F-9F0E-D672BD0EE8BB}.Release|Any CPU.Build.0 = Release|Any CPU
		{04D32333-E1C7-4A2F-9F0E-D672BD0EE8BB}.Staging|Any CPU.ActiveCfg = Staging|Any CPU
		{04D32333-E1C7-4A2F-9F0E-D672BD0EE8BB}.Staging|Any CPU.Build.0 = Staging|Any CPU
		{04D32333-E1C7-4A2F-9F0E-D672BD0EE8BB}.Test|Any CPU.ActiveCfg = Test|Any CPU
		{04D32333-E1C7-4A2F-9F0E-D672BD0EE8BB}.Test|Any CPU.Build.0 = Test|Any CPU
		{1B074CE2-5C46-4846-819B-22EB6BD8E04A}.Debug|Any CPU.ActiveCfg = Debug|Any CPU
		{1B074CE2-5C46-4846-819B-22EB6BD8E04A}.Debug|Any CPU.Build.0 = Debug|Any CPU
		{1B074CE2-5C46-4846-819B-22EB6BD8E04A}.Release|Any CPU.ActiveCfg = Release|Any CPU
		{1B074CE2-5C46-4846-819B-22EB6BD8E04A}.Release|Any CPU.Build.0 = Release|Any CPU
		{1B074CE2-5C46-4846-819B-22EB6BD8E04A}.Staging|Any CPU.ActiveCfg = Staging|Any CPU
		{1B074CE2-5C46-4846-819B-22EB6BD8E04A}.Staging|Any CPU.Build.0 = Staging|Any CPU
		{1B074CE2-5C46-4846-819B-22EB6BD8E04A}.Test|Any CPU.ActiveCfg = Test|Any CPU
		{1B074CE2-5C46-4846-819B-22EB6BD8E04A}.Test|Any CPU.Build.0 = Test|Any CPU
		{3364110A-5B6C-45AA-9BD7-00929FCEC2BA}.Debug|Any CPU.ActiveCfg = Debug|Any CPU
		{3364110A-5B6C-45AA-9BD7-00929FCEC2BA}.Debug|Any CPU.Build.0 = Debug|Any CPU
		{3364110A-5B6C-45AA-9BD7-00929FCEC2BA}.Release|Any CPU.ActiveCfg = Release|Any CPU
		{3364110A-5B6C-45AA-9BD7-00929FCEC2BA}.Release|Any CPU.Build.0 = Release|Any CPU
		{3364110A-5B6C-45AA-9BD7-00929FCEC2BA}.Staging|Any CPU.ActiveCfg = Staging|Any CPU
		{3364110A-5B6C-45AA-9BD7-00929FCEC2BA}.Staging|Any CPU.Build.0 = Staging|Any CPU
		{3364110A-5B6C-45AA-9BD7-00929FCEC2BA}.Test|Any CPU.ActiveCfg = Test|Any CPU
		{3364110A-5B6C-45AA-9BD7-00929FCEC2BA}.Test|Any CPU.Build.0 = Test|Any CPU
		{35F6ACAF-F2EC-4FC5-974C-BDE9C3FE38D4}.Debug|Any CPU.ActiveCfg = Debug|Any CPU
		{35F6ACAF-F2EC-4FC5-974C-BDE9C3FE38D4}.Debug|Any CPU.Build.0 = Debug|Any CPU
		{35F6ACAF-F2EC-4FC5-974C-BDE9C3FE38D4}.Release|Any CPU.ActiveCfg = Release|Any CPU
		{35F6ACAF-F2EC-4FC5-974C-BDE9C3FE38D4}.Release|Any CPU.Build.0 = Release|Any CPU
		{35F6ACAF-F2EC-4FC5-974C-BDE9C3FE38D4}.Staging|Any CPU.ActiveCfg = Staging|Any CPU
		{35F6ACAF-F2EC-4FC5-974C-BDE9C3FE38D4}.Staging|Any CPU.Build.0 = Staging|Any CPU
		{35F6ACAF-F2EC-4FC5-974C-BDE9C3FE38D4}.Test|Any CPU.ActiveCfg = Test|Any CPU
		{35F6ACAF-F2EC-4FC5-974C-BDE9C3FE38D4}.Test|Any CPU.Build.0 = Test|Any CPU
		{555BF169-88EA-4EF1-B532-D152AF974680}.Debug|Any CPU.ActiveCfg = Debug|Any CPU
		{555BF169-88EA-4EF1-B532-D152AF974680}.Debug|Any CPU.Build.0 = Debug|Any CPU
		{555BF169-88EA-4EF1-B532-D152AF974680}.Release|Any CPU.ActiveCfg = Release|Any CPU
		{555BF169-88EA-4EF1-B532-D152AF974680}.Release|Any CPU.Build.0 = Release|Any CPU
		{555BF169-88EA-4EF1-B532-D152AF974680}.Staging|Any CPU.ActiveCfg = Staging|Any CPU
		{555BF169-88EA-4EF1-B532-D152AF974680}.Staging|Any CPU.Build.0 = Staging|Any CPU
		{555BF169-88EA-4EF1-B532-D152AF974680}.Test|Any CPU.ActiveCfg = Test|Any CPU
		{555BF169-88EA-4EF1-B532-D152AF974680}.Test|Any CPU.Build.0 = Test|Any CPU
		{6B41D66F-0003-45EC-9692-023F9FCA62E8}.Debug|Any CPU.ActiveCfg = Debug|Any CPU
		{6B41D66F-0003-45EC-9692-023F9FCA62E8}.Debug|Any CPU.Build.0 = Debug|Any CPU
		{6B41D66F-0003-45EC-9692-023F9FCA62E8}.Release|Any CPU.ActiveCfg = Release|Any CPU
		{6B41D66F-0003-45EC-9692-023F9FCA62E8}.Release|Any CPU.Build.0 = Release|Any CPU
		{6B41D66F-0003-45EC-9692-023F9FCA62E8}.Staging|Any CPU.ActiveCfg = Staging|Any CPU
		{6B41D66F-0003-45EC-9692-023F9FCA62E8}.Staging|Any CPU.Build.0 = Staging|Any CPU
		{6B41D66F-0003-45EC-9692-023F9FCA62E8}.Test|Any CPU.ActiveCfg = Test|Any CPU
		{6B41D66F-0003-45EC-9692-023F9FCA62E8}.Test|Any CPU.Build.0 = Test|Any CPU
		{6EEE1ECE-69AC-4F6D-8EDE-6536B721AA97}.Debug|Any CPU.ActiveCfg = Debug|Any CPU
		{6EEE1ECE-69AC-4F6D-8EDE-6536B721AA97}.Debug|Any CPU.Build.0 = Debug|Any CPU
		{6EEE1ECE-69AC-4F6D-8EDE-6536B721AA97}.Release|Any CPU.ActiveCfg = Release|Any CPU
		{6EEE1ECE-69AC-4F6D-8EDE-6536B721AA97}.Release|Any CPU.Build.0 = Release|Any CPU
		{6EEE1ECE-69AC-4F6D-8EDE-6536B721AA97}.Staging|Any CPU.ActiveCfg = Staging|Any CPU
		{6EEE1ECE-69AC-4F6D-8EDE-6536B721AA97}.Staging|Any CPU.Build.0 = Staging|Any CPU
		{6EEE1ECE-69AC-4F6D-8EDE-6536B721AA97}.Test|Any CPU.ActiveCfg = Test|Any CPU
		{6EEE1ECE-69AC-4F6D-8EDE-6536B721AA97}.Test|Any CPU.Build.0 = Test|Any CPU
		{7EAB4CD7-118C-443C-9DD2-FA8D806E15C3}.Debug|Any CPU.ActiveCfg = Debug|Any CPU
		{7EAB4CD7-118C-443C-9DD2-FA8D806E15C3}.Debug|Any CPU.Build.0 = Debug|Any CPU
		{7EAB4CD7-118C-443C-9DD2-FA8D806E15C3}.Release|Any CPU.ActiveCfg = Release|Any CPU
		{7EAB4CD7-118C-443C-9DD2-FA8D806E15C3}.Release|Any CPU.Build.0 = Release|Any CPU
		{7EAB4CD7-118C-443C-9DD2-FA8D806E15C3}.Staging|Any CPU.ActiveCfg = Staging|Any CPU
		{7EAB4CD7-118C-443C-9DD2-FA8D806E15C3}.Staging|Any CPU.Build.0 = Staging|Any CPU
		{7EAB4CD7-118C-443C-9DD2-FA8D806E15C3}.Test|Any CPU.ActiveCfg = Test|Any CPU
		{7EAB4CD7-118C-443C-9DD2-FA8D806E15C3}.Test|Any CPU.Build.0 = Test|Any CPU
		{9D26D30F-3E4E-43B9-A93B-6E51AB34AC44}.Debug|Any CPU.ActiveCfg = Debug|Any CPU
		{9D26D30F-3E4E-43B9-A93B-6E51AB34AC44}.Debug|Any CPU.Build.0 = Debug|Any CPU
		{9D26D30F-3E4E-43B9-A93B-6E51AB34AC44}.Release|Any CPU.ActiveCfg = Release|Any CPU
		{9D26D30F-3E4E-43B9-A93B-6E51AB34AC44}.Release|Any CPU.Build.0 = Release|Any CPU
		{9D26D30F-3E4E-43B9-A93B-6E51AB34AC44}.Staging|Any CPU.ActiveCfg = Staging|Any CPU
		{9D26D30F-3E4E-43B9-A93B-6E51AB34AC44}.Staging|Any CPU.Build.0 = Staging|Any CPU
		{9D26D30F-3E4E-43B9-A93B-6E51AB34AC44}.Test|Any CPU.ActiveCfg = Test|Any CPU
		{9D26D30F-3E4E-43B9-A93B-6E51AB34AC44}.Test|Any CPU.Build.0 = Test|Any CPU
		{BCB33239-3B8F-4E53-A891-D18BECEBE7D1}.Debug|Any CPU.ActiveCfg = Debug|Any CPU
		{BCB33239-3B8F-4E53-A891-D18BECEBE7D1}.Debug|Any CPU.Build.0 = Debug|Any CPU
		{BCB33239-3B8F-4E53-A891-D18BECEBE7D1}.Release|Any CPU.ActiveCfg = Release|Any CPU
		{BCB33239-3B8F-4E53-A891-D18BECEBE7D1}.Release|Any CPU.Build.0 = Release|Any CPU
		{BCB33239-3B8F-4E53-A891-D18BECEBE7D1}.Staging|Any CPU.ActiveCfg = Staging|Any CPU
		{BCB33239-3B8F-4E53-A891-D18BECEBE7D1}.Staging|Any CPU.Build.0 = Staging|Any CPU
		{BCB33239-3B8F-4E53-A891-D18BECEBE7D1}.Test|Any CPU.ActiveCfg = Test|Any CPU
		{BCB33239-3B8F-4E53-A891-D18BECEBE7D1}.Test|Any CPU.Build.0 = Test|Any CPU
		{BF734CD4-7587-422F-BAE9-626051F1A382}.Debug|Any CPU.ActiveCfg = Debug|Any CPU
		{BF734CD4-7587-422F-BAE9-626051F1A382}.Debug|Any CPU.Build.0 = Debug|Any CPU
		{BF734CD4-7587-422F-BAE9-626051F1A382}.Release|Any CPU.ActiveCfg = Release|Any CPU
		{BF734CD4-7587-422F-BAE9-626051F1A382}.Release|Any CPU.Build.0 = Release|Any CPU
		{BF734CD4-7587-422F-BAE9-626051F1A382}.Staging|Any CPU.ActiveCfg = Staging|Any CPU
		{BF734CD4-7587-422F-BAE9-626051F1A382}.Staging|Any CPU.Build.0 = Staging|Any CPU
		{BF734CD4-7587-422F-BAE9-626051F1A382}.Test|Any CPU.ActiveCfg = Test|Any CPU
		{BF734CD4-7587-422F-BAE9-626051F1A382}.Test|Any CPU.Build.0 = Test|Any CPU
		{CE90FF9C-A013-406E-B3D7-06C34C4AC9D9}.Debug|Any CPU.ActiveCfg = Debug|Any CPU
		{CE90FF9C-A013-406E-B3D7-06C34C4AC9D9}.Debug|Any CPU.Build.0 = Debug|Any CPU
		{CE90FF9C-A013-406E-B3D7-06C34C4AC9D9}.Release|Any CPU.ActiveCfg = Release|Any CPU
		{CE90FF9C-A013-406E-B3D7-06C34C4AC9D9}.Release|Any CPU.Build.0 = Release|Any CPU
		{CE90FF9C-A013-406E-B3D7-06C34C4AC9D9}.Staging|Any CPU.ActiveCfg = Staging|Any CPU
		{CE90FF9C-A013-406E-B3D7-06C34C4AC9D9}.Staging|Any CPU.Build.0 = Staging|Any CPU
		{CE90FF9C-A013-406E-B3D7-06C34C4AC9D9}.Test|Any CPU.ActiveCfg = Test|Any CPU
		{CE90FF9C-A013-406E-B3D7-06C34C4AC9D9}.Test|Any CPU.Build.0 = Test|Any CPU
		{E40CBEB2-C300-45DD-AC20-0E70E8CF68DD}.Debug|Any CPU.ActiveCfg = Debug|Any CPU
		{E40CBEB2-C300-45DD-AC20-0E70E8CF68DD}.Debug|Any CPU.Build.0 = Debug|Any CPU
		{E40CBEB2-C300-45DD-AC20-0E70E8CF68DD}.Release|Any CPU.ActiveCfg = Release|Any CPU
		{E40CBEB2-C300-45DD-AC20-0E70E8CF68DD}.Release|Any CPU.Build.0 = Release|Any CPU
		{E40CBEB2-C300-45DD-AC20-0E70E8CF68DD}.Staging|Any CPU.ActiveCfg = Staging|Any CPU
		{E40CBEB2-C300-45DD-AC20-0E70E8CF68DD}.Staging|Any CPU.Build.0 = Staging|Any CPU
		{E40CBEB2-C300-45DD-AC20-0E70E8CF68DD}.Test|Any CPU.ActiveCfg = Test|Any CPU
		{E40CBEB2-C300-45DD-AC20-0E70E8CF68DD}.Test|Any CPU.Build.0 = Test|Any CPU
		{E7007D52-7D85-4C45-A632-EDD22B3323F4}.Debug|Any CPU.ActiveCfg = Debug|Any CPU
		{E7007D52-7D85-4C45-A632-EDD22B3323F4}.Debug|Any CPU.Build.0 = Debug|Any CPU
		{E7007D52-7D85-4C45-A632-EDD22B3323F4}.Release|Any CPU.ActiveCfg = Release|Any CPU
		{E7007D52-7D85-4C45-A632-EDD22B3323F4}.Release|Any CPU.Build.0 = Release|Any CPU
		{E7007D52-7D85-4C45-A632-EDD22B3323F4}.Staging|Any CPU.ActiveCfg = Staging|Any CPU
		{E7007D52-7D85-4C45-A632-EDD22B3323F4}.Staging|Any CPU.Build.0 = Staging|Any CPU
		{E7007D52-7D85-4C45-A632-EDD22B3323F4}.Test|Any CPU.ActiveCfg = Test|Any CPU
		{E7007D52-7D85-4C45-A632-EDD22B3323F4}.Test|Any CPU.Build.0 = Test|Any CPU
	EndGlobalSection
	GlobalSection(SolutionProperties) = preSolution
		HideSolutionNode = FALSE
	EndGlobalSection
	GlobalSection(ExtensibilityGlobals) = postSolution
		EnterpriseLibraryConfigurationToolBinariesPath = packages\Unity.2.1.505.0\lib\NET35
	EndGlobalSection
EndGlobal
